// !$*UTF8*$!
{
	archiveVersion = 1;
	classes = {
	};
	objectVersion = 50;
	objects = {

/* Begin PBXBuildFile section */
		C869DBB726A02DBF00E01286 /* AppDelegate.swift in Sources */ = {isa = PBXBuildFile; fileRef = C869DBB626A02DBF00E01286 /* AppDelegate.swift */; };
		C869DBBB26A02DBF00E01286 /* ViewController.swift in Sources */ = {isa = PBXBuildFile; fileRef = C869DBBA26A02DBF00E01286 /* ViewController.swift */; };
		C869DBBE26A02DBF00E01286 /* Main.storyboard in Resources */ = {isa = PBXBuildFile; fileRef = C869DBBC26A02DBF00E01286 /* Main.storyboard */; };
		C869DBC026A02DC100E01286 /* Assets.xcassets in Resources */ = {isa = PBXBuildFile; fileRef = C869DBBF26A02DC100E01286 /* Assets.xcassets */; };
		C869DBC326A02DC100E01286 /* LaunchScreen.storyboard in Resources */ = {isa = PBXBuildFile; fileRef = C869DBC126A02DC100E01286 /* LaunchScreen.storyboard */; };
		C869DBCE26A02DC100E01286 /* SSLPiningAppTests.swift in Sources */ = {isa = PBXBuildFile; fileRef = C869DBCD26A02DC100E01286 /* SSLPiningAppTests.swift */; };
		C869DBD926A02DC100E01286 /* SSLPiningAppUITests.swift in Sources */ = {isa = PBXBuildFile; fileRef = C869DBD826A02DC100E01286 /* SSLPiningAppUITests.swift */; };
		C869DBE826A02E7E00E01286 /* ahanet.cer in Resources */ = {isa = PBXBuildFile; fileRef = C869DBE726A02E7E00E01286 /* ahanet.cer */; };
		C869DBEA26A02EBD00E01286 /* DataExtention.swift in Sources */ = {isa = PBXBuildFile; fileRef = C869DBE926A02EBD00E01286 /* DataExtention.swift */; };
		C869DBEC26A02F6E00E01286 /* SSLPiningPresenter.swift in Sources */ = {isa = PBXBuildFile; fileRef = C869DBEB26A02F6E00E01286 /* SSLPiningPresenter.swift */; };
/* End PBXBuildFile section */

/* Begin PBXContainerItemProxy section */
		C869DBCA26A02DC100E01286 /* PBXContainerItemProxy */ = {
			isa = PBXContainerItemProxy;
			containerPortal = C869DBAB26A02DBF00E01286 /* Project object */;
			proxyType = 1;
			remoteGlobalIDString = C869DBB226A02DBF00E01286;
			remoteInfo = SSLPiningApp;
		};
		C869DBD526A02DC100E01286 /* PBXContainerItemProxy */ = {
			isa = PBXContainerItemProxy;
			containerPortal = C869DBAB26A02DBF00E01286 /* Project object */;
			proxyType = 1;
			remoteGlobalIDString = C869DBB226A02DBF00E01286;
			remoteInfo = SSLPiningApp;
		};
/* End PBXContainerItemProxy section */

/* Begin PBXFileReference section */
		C869DBB326A02DBF00E01286 /* SSLPiningApp.app */ = {isa = PBXFileReference; explicitFileType = wrapper.application; includeInIndex = 0; path = SSLPiningApp.app; sourceTree = BUILT_PRODUCTS_DIR; };
		C869DBB626A02DBF00E01286 /* AppDelegate.swift */ = {isa = PBXFileReference; lastKnownFileType = sourcecode.swift; path = AppDelegate.swift; sourceTree = "<group>"; };
		C869DBBA26A02DBF00E01286 /* ViewController.swift */ = {isa = PBXFileReference; lastKnownFileType = sourcecode.swift; path = ViewController.swift; sourceTree = "<group>"; };
		C869DBBD26A02DBF00E01286 /* Base */ = {isa = PBXFileReference; lastKnownFileType = file.storyboard; name = Base; path = Base.lproj/Main.storyboard; sourceTree = "<group>"; };
		C869DBBF26A02DC100E01286 /* Assets.xcassets */ = {isa = PBXFileReference; lastKnownFileType = folder.assetcatalog; path = Assets.xcassets; sourceTree = "<group>"; };
		C869DBC226A02DC100E01286 /* Base */ = {isa = PBXFileReference; lastKnownFileType = file.storyboard; name = Base; path = Base.lproj/LaunchScreen.storyboard; sourceTree = "<group>"; };
		C869DBC426A02DC100E01286 /* Info.plist */ = {isa = PBXFileReference; lastKnownFileType = text.plist.xml; path = Info.plist; sourceTree = "<group>"; };
		C869DBC926A02DC100E01286 /* SSLPiningAppTests.xctest */ = {isa = PBXFileReference; explicitFileType = wrapper.cfbundle; includeInIndex = 0; path = SSLPiningAppTests.xctest; sourceTree = BUILT_PRODUCTS_DIR; };
		C869DBCD26A02DC100E01286 /* SSLPiningAppTests.swift */ = {isa = PBXFileReference; lastKnownFileType = sourcecode.swift; path = SSLPiningAppTests.swift; sourceTree = "<group>"; };
		C869DBCF26A02DC100E01286 /* Info.plist */ = {isa = PBXFileReference; lastKnownFileType = text.plist.xml; path = Info.plist; sourceTree = "<group>"; };
		C869DBD426A02DC100E01286 /* SSLPiningAppUITests.xctest */ = {isa = PBXFileReference; explicitFileType = wrapper.cfbundle; includeInIndex = 0; path = SSLPiningAppUITests.xctest; sourceTree = BUILT_PRODUCTS_DIR; };
		C869DBD826A02DC100E01286 /* SSLPiningAppUITests.swift */ = {isa = PBXFileReference; lastKnownFileType = sourcecode.swift; path = SSLPiningAppUITests.swift; sourceTree = "<group>"; };
		C869DBDA26A02DC100E01286 /* Info.plist */ = {isa = PBXFileReference; lastKnownFileType = text.plist.xml; path = Info.plist; sourceTree = "<group>"; };
		C869DBE726A02E7E00E01286 /* ahanet.cer */ = {isa = PBXFileReference; lastKnownFileType = file; path = ahanet.cer; sourceTree = "<group>"; };
		C869DBE926A02EBD00E01286 /* DataExtention.swift */ = {isa = PBXFileReference; lastKnownFileType = sourcecode.swift; path = DataExtention.swift; sourceTree = "<group>"; };
		C869DBEB26A02F6E00E01286 /* SSLPiningPresenter.swift */ = {isa = PBXFileReference; lastKnownFileType = sourcecode.swift; path = SSLPiningPresenter.swift; sourceTree = "<group>"; };
/* End PBXFileReference section */

/* Begin PBXFrameworksBuildPhase section */
		C869DBB026A02DBF00E01286 /* Frameworks */ = {
			isa = PBXFrameworksBuildPhase;
			buildActionMask = 2147483647;
			files = (
			);
			runOnlyForDeploymentPostprocessing = 0;
		};
		C869DBC626A02DC100E01286 /* Frameworks */ = {
			isa = PBXFrameworksBuildPhase;
			buildActionMask = 2147483647;
			files = (
			);
			runOnlyForDeploymentPostprocessing = 0;
		};
		C869DBD126A02DC100E01286 /* Frameworks */ = {
			isa = PBXFrameworksBuildPhase;
			buildActionMask = 2147483647;
			files = (
			);
			runOnlyForDeploymentPostprocessing = 0;
		};
/* End PBXFrameworksBuildPhase section */

/* Begin PBXGroup section */
		C869DBAA26A02DBF00E01286 = {
			isa = PBXGroup;
			children = (
				C869DBB526A02DBF00E01286 /* SSLPiningApp */,
				C869DBCC26A02DC100E01286 /* SSLPiningAppTests */,
				C869DBD726A02DC100E01286 /* SSLPiningAppUITests */,
				C869DBB426A02DBF00E01286 /* Products */,
			);
			sourceTree = "<group>";
		};
		C869DBB426A02DBF00E01286 /* Products */ = {
			isa = PBXGroup;
			children = (
				C869DBB326A02DBF00E01286 /* SSLPiningApp.app */,
				C869DBC926A02DC100E01286 /* SSLPiningAppTests.xctest */,
				C869DBD426A02DC100E01286 /* SSLPiningAppUITests.xctest */,
			);
			name = Products;
			sourceTree = "<group>";
		};
		C869DBB526A02DBF00E01286 /* SSLPiningApp */ = {
			isa = PBXGroup;
			children = (
				C869DBE626A02E7E00E01286 /* Certificates */,
				C869DBB626A02DBF00E01286 /* AppDelegate.swift */,
				C869DBE926A02EBD00E01286 /* DataExtention.swift */,
				C869DBBA26A02DBF00E01286 /* ViewController.swift */,
				C869DBEB26A02F6E00E01286 /* SSLPiningPresenter.swift */,
				C869DBBC26A02DBF00E01286 /* Main.storyboard */,
				C869DBBF26A02DC100E01286 /* Assets.xcassets */,
				C869DBC126A02DC100E01286 /* LaunchScreen.storyboard */,
				C869DBC426A02DC100E01286 /* Info.plist */,
			);
			path = SSLPiningApp;
			sourceTree = "<group>";
		};
		C869DBCC26A02DC100E01286 /* SSLPiningAppTests */ = {
			isa = PBXGroup;
			children = (
				C869DBCD26A02DC100E01286 /* SSLPiningAppTests.swift */,
				C869DBCF26A02DC100E01286 /* Info.plist */,
			);
			path = SSLPiningAppTests;
			sourceTree = "<group>";
		};
		C869DBD726A02DC100E01286 /* SSLPiningAppUITests */ = {
			isa = PBXGroup;
			children = (
				C869DBD826A02DC100E01286 /* SSLPiningAppUITests.swift */,
				C869DBDA26A02DC100E01286 /* Info.plist */,
			);
			path = SSLPiningAppUITests;
			sourceTree = "<group>";
		};
		C869DBE626A02E7E00E01286 /* Certificates */ = {
			isa = PBXGroup;
			children = (
				C869DBE726A02E7E00E01286 /* ahanet.cer */,
			);
			path = Certificates;
			sourceTree = "<group>";
		};
/* End PBXGroup section */

/* Begin PBXNativeTarget section */
		C869DBB226A02DBF00E01286 /* SSLPiningApp */ = {
			isa = PBXNativeTarget;
			buildConfigurationList = C869DBDD26A02DC100E01286 /* Build configuration list for PBXNativeTarget "SSLPiningApp" */;
			buildPhases = (
				C869DBAF26A02DBF00E01286 /* Sources */,
				C869DBB026A02DBF00E01286 /* Frameworks */,
				C869DBB126A02DBF00E01286 /* Resources */,
			);
			buildRules = (
			);
			dependencies = (
			);
			name = SSLPiningApp;
			productName = SSLPiningApp;
			productReference = C869DBB326A02DBF00E01286 /* SSLPiningApp.app */;
			productType = "com.apple.product-type.application";
		};
		C869DBC826A02DC100E01286 /* SSLPiningAppTests */ = {
			isa = PBXNativeTarget;
			buildConfigurationList = C869DBE026A02DC100E01286 /* Build configuration list for PBXNativeTarget "SSLPiningAppTests" */;
			buildPhases = (
				C869DBC526A02DC100E01286 /* Sources */,
				C869DBC626A02DC100E01286 /* Frameworks */,
				C869DBC726A02DC100E01286 /* Resources */,
			);
			buildRules = (
			);
			dependencies = (
				C869DBCB26A02DC100E01286 /* PBXTargetDependency */,
			);
			name = SSLPiningAppTests;
			productName = SSLPiningAppTests;
			productReference = C869DBC926A02DC100E01286 /* SSLPiningAppTests.xctest */;
			productType = "com.apple.product-type.bundle.unit-test";
		};
		C869DBD326A02DC100E01286 /* SSLPiningAppUITests */ = {
			isa = PBXNativeTarget;
			buildConfigurationList = C869DBE326A02DC100E01286 /* Build configuration list for PBXNativeTarget "SSLPiningAppUITests" */;
			buildPhases = (
				C869DBD026A02DC100E01286 /* Sources */,
				C869DBD126A02DC100E01286 /* Frameworks */,
				C869DBD226A02DC100E01286 /* Resources */,
			);
			buildRules = (
			);
			dependencies = (
				C869DBD626A02DC100E01286 /* PBXTargetDependency */,
			);
			name = SSLPiningAppUITests;
			productName = SSLPiningAppUITests;
			productReference = C869DBD426A02DC100E01286 /* SSLPiningAppUITests.xctest */;
			productType = "com.apple.product-type.bundle.ui-testing";
		};
/* End PBXNativeTarget section */

/* Begin PBXProject section */
		C869DBAB26A02DBF00E01286 /* Project object */ = {
			isa = PBXProject;
			attributes = {
				LastSwiftUpdateCheck = 1250;
				LastUpgradeCheck = 1250;
				TargetAttributes = {
					C869DBB226A02DBF00E01286 = {
						CreatedOnToolsVersion = 12.5.1;
					};
					C869DBC826A02DC100E01286 = {
						CreatedOnToolsVersion = 12.5.1;
						TestTargetID = C869DBB226A02DBF00E01286;
					};
					C869DBD326A02DC100E01286 = {
						CreatedOnToolsVersion = 12.5.1;
						TestTargetID = C869DBB226A02DBF00E01286;
					};
				};
			};
			buildConfigurationList = C869DBAE26A02DBF00E01286 /* Build configuration list for PBXProject "SSLPiningApp" */;
			compatibilityVersion = "Xcode 9.3";
			developmentRegion = en;
			hasScannedForEncodings = 0;
			knownRegions = (
				en,
				Base,
			);
			mainGroup = C869DBAA26A02DBF00E01286;
			productRefGroup = C869DBB426A02DBF00E01286 /* Products */;
			projectDirPath = "";
			projectRoot = "";
			targets = (
				C869DBB226A02DBF00E01286 /* SSLPiningApp */,
				C869DBC826A02DC100E01286 /* SSLPiningAppTests */,
				C869DBD326A02DC100E01286 /* SSLPiningAppUITests */,
			);
		};
/* End PBXProject section */

/* Begin PBXResourcesBuildPhase section */
		C869DBB126A02DBF00E01286 /* Resources */ = {
			isa = PBXResourcesBuildPhase;
			buildActionMask = 2147483647;
			files = (
				C869DBC326A02DC100E01286 /* LaunchScreen.storyboard in Resources */,
				C869DBC026A02DC100E01286 /* Assets.xcassets in Resources */,
				C869DBBE26A02DBF00E01286 /* Main.storyboard in Resources */,
				C869DBE826A02E7E00E01286 /* ahanet.cer in Resources */,
			);
			runOnlyForDeploymentPostprocessing = 0;
		};
		C869DBC726A02DC100E01286 /* Resources */ = {
			isa = PBXResourcesBuildPhase;
			buildActionMask = 2147483647;
			files = (
			);
			runOnlyForDeploymentPostprocessing = 0;
		};
		C869DBD226A02DC100E01286 /* Resources */ = {
			isa = PBXResourcesBuildPhase;
			buildActionMask = 2147483647;
			files = (
			);
			runOnlyForDeploymentPostprocessing = 0;
		};
/* End PBXResourcesBuildPhase section */

/* Begin PBXSourcesBuildPhase section */
		C869DBAF26A02DBF00E01286 /* Sources */ = {
			isa = PBXSourcesBuildPhase;
			buildActionMask = 2147483647;
			files = (
				C869DBBB26A02DBF00E01286 /* ViewController.swift in Sources */,
				C869DBEA26A02EBD00E01286 /* DataExtention.swift in Sources */,
				C869DBEC26A02F6E00E01286 /* SSLPiningPresenter.swift in Sources */,
				C869DBB726A02DBF00E01286 /* AppDelegate.swift in Sources */,
			);
			runOnlyForDeploymentPostprocessing = 0;
		};
		C869DBC526A02DC100E01286 /* Sources */ = {
			isa = PBXSourcesBuildPhase;
			buildActionMask = 2147483647;
			files = (
				C869DBCE26A02DC100E01286 /* SSLPiningAppTests.swift in Sources */,
			);
			runOnlyForDeploymentPostprocessing = 0;
		};
		C869DBD026A02DC100E01286 /* Sources */ = {
			isa = PBXSourcesBuildPhase;
			buildActionMask = 2147483647;
			files = (
				C869DBD926A02DC100E01286 /* SSLPiningAppUITests.swift in Sources */,
			);
			runOnlyForDeploymentPostprocessing = 0;
		};
/* End PBXSourcesBuildPhase section */

/* Begin PBXTargetDependency section */
		C869DBCB26A02DC100E01286 /* PBXTargetDependency */ = {
			isa = PBXTargetDependency;
			target = C869DBB226A02DBF00E01286 /* SSLPiningApp */;
			targetProxy = C869DBCA26A02DC100E01286 /* PBXContainerItemProxy */;
		};
		C869DBD626A02DC100E01286 /* PBXTargetDependency */ = {
			isa = PBXTargetDependency;
			target = C869DBB226A02DBF00E01286 /* SSLPiningApp */;
			targetProxy = C869DBD526A02DC100E01286 /* PBXContainerItemProxy */;
		};
/* End PBXTargetDependency section */

/* Begin PBXVariantGroup section */
		C869DBBC26A02DBF00E01286 /* Main.storyboard */ = {
			isa = PBXVariantGroup;
			children = (
				C869DBBD26A02DBF00E01286 /* Base */,
			);
			name = Main.storyboard;
			sourceTree = "<group>";
		};
		C869DBC126A02DC100E01286 /* LaunchScreen.storyboard */ = {
			isa = PBXVariantGroup;
			children = (
				C869DBC226A02DC100E01286 /* Base */,
			);
			name = LaunchScreen.storyboard;
			sourceTree = "<group>";
		};
/* End PBXVariantGroup section */

/* Begin XCBuildConfiguration section */
		C869DBDB26A02DC100E01286 /* Debug */ = {
			isa = XCBuildConfiguration;
			buildSettings = {
				ALWAYS_SEARCH_USER_PATHS = NO;
				CLANG_ANALYZER_NONNULL = YES;
				CLANG_ANALYZER_NUMBER_OBJECT_CONVERSION = YES_AGGRESSIVE;
				CLANG_CXX_LANGUAGE_STANDARD = "gnu++14";
				CLANG_CXX_LIBRARY = "libc++";
				CLANG_ENABLE_MODULES = YES;
				CLANG_ENABLE_OBJC_ARC = YES;
				CLANG_ENABLE_OBJC_WEAK = YES;
				CLANG_WARN_BLOCK_CAPTURE_AUTORELEASING = YES;
				CLANG_WARN_BOOL_CONVERSION = YES;
				CLANG_WARN_COMMA = YES;
				CLANG_WARN_CONSTANT_CONVERSION = YES;
				CLANG_WARN_DEPRECATED_OBJC_IMPLEMENTATIONS = YES;
				CLANG_WARN_DIRECT_OBJC_ISA_USAGE = YES_ERROR;
				CLANG_WARN_DOCUMENTATION_COMMENTS = YES;
				CLANG_WARN_EMPTY_BODY = YES;
				CLANG_WARN_ENUM_CONVERSION = YES;
				CLANG_WARN_INFINITE_RECURSION = YES;
				CLANG_WARN_INT_CONVERSION = YES;
				CLANG_WARN_NON_LITERAL_NULL_CONVERSION = YES;
				CLANG_WARN_OBJC_IMPLICIT_RETAIN_SELF = YES;
				CLANG_WARN_OBJC_LITERAL_CONVERSION = YES;
				CLANG_WARN_OBJC_ROOT_CLASS = YES_ERROR;
				CLANG_WARN_QUOTED_INCLUDE_IN_FRAMEWORK_HEADER = YES;
				CLANG_WARN_RANGE_LOOP_ANALYSIS = YES;
				CLANG_WARN_STRICT_PROTOTYPES = YES;
				CLANG_WARN_SUSPICIOUS_MOVE = YES;
				CLANG_WARN_UNGUARDED_AVAILABILITY = YES_AGGRESSIVE;
				CLANG_WARN_UNREACHABLE_CODE = YES;
				CLANG_WARN__DUPLICATE_METHOD_MATCH = YES;
				COPY_PHASE_STRIP = NO;
				DEBUG_INFORMATION_FORMAT = dwarf;
				ENABLE_STRICT_OBJC_MSGSEND = YES;
				ENABLE_TESTABILITY = YES;
				GCC_C_LANGUAGE_STANDARD = gnu11;
				GCC_DYNAMIC_NO_PIC = NO;
				GCC_NO_COMMON_BLOCKS = YES;
				GCC_OPTIMIZATION_LEVEL = 0;
				GCC_PREPROCESSOR_DEFINITIONS = (
					"DEBUG=1",
					"$(inherited)",
				);
				GCC_WARN_64_TO_32_BIT_CONVERSION = YES;
				GCC_WARN_ABOUT_RETURN_TYPE = YES_ERROR;
				GCC_WARN_UNDECLARED_SELECTOR = YES;
				GCC_WARN_UNINITIALIZED_AUTOS = YES_AGGRESSIVE;
				GCC_WARN_UNUSED_FUNCTION = YES;
				GCC_WARN_UNUSED_VARIABLE = YES;
				IPHONEOS_DEPLOYMENT_TARGET = 14.5;
				MTL_ENABLE_DEBUG_INFO = INCLUDE_SOURCE;
				MTL_FAST_MATH = YES;
				ONLY_ACTIVE_ARCH = YES;
				SDKROOT = iphoneos;
				SWIFT_ACTIVE_COMPILATION_CONDITIONS = DEBUG;
				SWIFT_OPTIMIZATION_LEVEL = "-Onone";
			};
			name = Debug;
		};
		C869DBDC26A02DC100E01286 /* Release */ = {
			isa = XCBuildConfiguration;
			buildSettings = {
				ALWAYS_SEARCH_USER_PATHS = NO;
				CLANG_ANALYZER_NONNULL = YES;
				CLANG_ANALYZER_NUMBER_OBJECT_CONVERSION = YES_AGGRESSIVE;
				CLANG_CXX_LANGUAGE_STANDARD = "gnu++14";
				CLANG_CXX_LIBRARY = "libc++";
				CLANG_ENABLE_MODULES = YES;
				CLANG_ENABLE_OBJC_ARC = YES;
				CLANG_ENABLE_OBJC_WEAK = YES;
				CLANG_WARN_BLOCK_CAPTURE_AUTORELEASING = YES;
				CLANG_WARN_BOOL_CONVERSION = YES;
				CLANG_WARN_COMMA = YES;
				CLANG_WARN_CONSTANT_CONVERSION = YES;
				CLANG_WARN_DEPRECATED_OBJC_IMPLEMENTATIONS = YES;
				CLANG_WARN_DIRECT_OBJC_ISA_USAGE = YES_ERROR;
				CLANG_WARN_DOCUMENTATION_COMMENTS = YES;
				CLANG_WARN_EMPTY_BODY = YES;
				CLANG_WARN_ENUM_CONVERSION = YES;
				CLANG_WARN_INFINITE_RECURSION = YES;
				CLANG_WARN_INT_CONVERSION = YES;
				CLANG_WARN_NON_LITERAL_NULL_CONVERSION = YES;
				CLANG_WARN_OBJC_IMPLICIT_RETAIN_SELF = YES;
				CLANG_WARN_OBJC_LITERAL_CONVERSION = YES;
				CLANG_WARN_OBJC_ROOT_CLASS = YES_ERROR;
				CLANG_WARN_QUOTED_INCLUDE_IN_FRAMEWORK_HEADER = YES;
				CLANG_WARN_RANGE_LOOP_ANALYSIS = YES;
				CLANG_WARN_STRICT_PROTOTYPES = YES;
				CLANG_WARN_SUSPICIOUS_MOVE = YES;
				CLANG_WARN_UNGUARDED_AVAILABILITY = YES_AGGRESSIVE;
				CLANG_WARN_UNREACHABLE_CODE = YES;
				CLANG_WARN__DUPLICATE_METHOD_MATCH = YES;
				COPY_PHASE_STRIP = NO;
				DEBUG_INFORMATION_FORMAT = "dwarf-with-dsym";
				ENABLE_NS_ASSERTIONS = NO;
				ENABLE_STRICT_OBJC_MSGSEND = YES;
				GCC_C_LANGUAGE_STANDARD = gnu11;
				GCC_NO_COMMON_BLOCKS = YES;
				GCC_WARN_64_TO_32_BIT_CONVERSION = YES;
				GCC_WARN_ABOUT_RETURN_TYPE = YES_ERROR;
				GCC_WARN_UNDECLARED_SELECTOR = YES;
				GCC_WARN_UNINITIALIZED_AUTOS = YES_AGGRESSIVE;
				GCC_WARN_UNUSED_FUNCTION = YES;
				GCC_WARN_UNUSED_VARIABLE = YES;
				IPHONEOS_DEPLOYMENT_TARGET = 14.5;
				MTL_ENABLE_DEBUG_INFO = NO;
				MTL_FAST_MATH = YES;
				SDKROOT = iphoneos;
				SWIFT_COMPILATION_MODE = wholemodule;
				SWIFT_OPTIMIZATION_LEVEL = "-O";
				VALIDATE_PRODUCT = YES;
			};
			name = Release;
		};
		C869DBDE26A02DC100E01286 /* Debug */ = {
			isa = XCBuildConfiguration;
			buildSettings = {
				ASSETCATALOG_COMPILER_APPICON_NAME = AppIcon;
				ASSETCATALOG_COMPILER_GLOBAL_ACCENT_COLOR_NAME = AccentColor;
				CODE_SIGN_STYLE = Automatic;
				INFOPLIST_FILE = SSLPiningApp/Info.plist;
				IPHONEOS_DEPLOYMENT_TARGET = 12.1;
				LD_RUNPATH_SEARCH_PATHS = (
					"$(inherited)",
					"@executable_path/Frameworks",
				);
				PRODUCT_BUNDLE_IDENTIFIER = com.harman.services.SSLPiningApp;
				PRODUCT_NAME = "$(TARGET_NAME)";
				SWIFT_VERSION = 5.0;
				TARGETED_DEVICE_FAMILY = "1,2";
			};
			name = Debug;
		};
		C869DBDF26A02DC100E01286 /* Release */ = {
			isa = XCBuildConfiguration;
			buildSettings = {
				ASSETCATALOG_COMPILER_APPICON_NAME = AppIcon;
				ASSETCATALOG_COMPILER_GLOBAL_ACCENT_COLOR_NAME = AccentColor;
				CODE_SIGN_STYLE = Automatic;
				INFOPLIST_FILE = SSLPiningApp/Info.plist;
				IPHONEOS_DEPLOYMENT_TARGET = 12.1;
				LD_RUNPATH_SEARCH_PATHS = (
					"$(inherited)",
					"@executable_path/Frameworks",
				);
				PRODUCT_BUNDLE_IDENTIFIER = com.harman.services.SSLPiningApp;
				PRODUCT_NAME = "$(TARGET_NAME)";
				SWIFT_VERSION = 5.0;
				TARGETED_DEVICE_FAMILY = "1,2";
			};
			name = Release;
		};
		C869DBE126A02DC100E01286 /* Debug */ = {
			isa = XCBuildConfiguration;
			buildSettings = {
				ALWAYS_EMBED_SWIFT_STANDARD_LIBRARIES = YES;
				BUNDLE_LOADER = "$(TEST_HOST)";
				CODE_SIGN_STYLE = Automatic;
				INFOPLIST_FILE = SSLPiningAppTests/Info.plist;
				IPHONEOS_DEPLOYMENT_TARGET = 14.5;
				LD_RUNPATH_SEARCH_PATHS = (
					"$(inherited)",
					"@executable_path/Frameworks",
					"@loader_path/Frameworks",
				);
				PRODUCT_BUNDLE_IDENTIFIER = com.harman.services.SSLPiningAppTests;
				PRODUCT_NAME = "$(TARGET_NAME)";
				SWIFT_VERSION = 5.0;
				TARGETED_DEVICE_FAMILY = "1,2";
				TEST_HOST = "$(BUILT_PRODUCTS_DIR)/SSLPiningApp.app/SSLPiningApp";
			};
			name = Debug;
		};
		C869DBE226A02DC100E01286 /* Release */ = {
			isa = XCBuildConfiguration;
			buildSettings = {
				ALWAYS_EMBED_SWIFT_STANDARD_LIBRARIES = YES;
				BUNDLE_LOADER = "$(TEST_HOST)";
				CODE_SIGN_STYLE = Automatic;
				INFOPLIST_FILE = SSLPiningAppTests/Info.plist;
				IPHONEOS_DEPLOYMENT_TARGET = 14.5;
				LD_RUNPATH_SEARCH_PATHS = (
					"$(inherited)",
					"@executable_path/Frameworks",
					"@loader_path/Frameworks",
				);
				PRODUCT_BUNDLE_IDENTIFIER = com.harman.services.SSLPiningAppTests;
				PRODUCT_NAME = "$(TARGET_NAME)";
				SWIFT_VERSION = 5.0;
				TARGETED_DEVICE_FAMILY = "1,2";
				TEST_HOST = "$(BUILT_PRODUCTS_DIR)/SSLPiningApp.app/SSLPiningApp";
			};
			name = Release;
		};
		C869DBE426A02DC100E01286 /* Debug */ = {
			isa = XCBuildConfiguration;
			buildSettings = {
				ALWAYS_EMBED_SWIFT_STANDARD_LIBRARIES = YES;
				CODE_SIGN_STYLE = Automatic;
				INFOPLIST_FILE = SSLPiningAppUITests/Info.plist;
				LD_RUNPATH_SEARCH_PATHS = (
					"$(inherited)",
					"@executable_path/Frameworks",
					"@loader_path/Frameworks",
				);
				PRODUCT_BUNDLE_IDENTIFIER = com.harman.services.SSLPiningAppUITests;
				PRODUCT_NAME = "$(TARGET_NAME)";
				SWIFT_VERSION = 5.0;
				TARGETED_DEVICE_FAMILY = "1,2";
				TEST_TARGET_NAME = SSLPiningApp;
			};
			name = Debug;
		};
		C869DBE526A02DC100E01286 /* Release */ = {
			isa = XCBuildConfiguration;
			buildSettings = {
				ALWAYS_EMBED_SWIFT_STANDARD_LIBRARIES = YES;
				CODE_SIGN_STYLE = Automatic;
				INFOPLIST_FILE = SSLPiningAppUITests/Info.plist;
				LD_RUNPATH_SEARCH_PATHS = (
					"$(inherited)",
					"@executable_path/Frameworks",
					"@loader_path/Frameworks",
				);
				PRODUCT_BUNDLE_IDENTIFIER = com.harman.services.SSLPiningAppUITests;
				PRODUCT_NAME = "$(TARGET_NAME)";
				SWIFT_VERSION = 5.0;
				TARGETED_DEVICE_FAMILY = "1,2";
				TEST_TARGET_NAME = SSLPiningApp;
			};
			name = Release;
		};
/* End XCBuildConfiguration section */

/* Begin XCConfigurationList section */
		C869DBAE26A02DBF00E01286 /* Build configuration list for PBXProject "SSLPiningApp" */ = {
			isa = XCConfigurationList;
			buildConfigurations = (
				C869DBDB26A02DC100E01286 /* Debug */,
				C869DBDC26A02DC100E01286 /* Release */,
			);
			defaultConfigurationIsVisible = 0;
			defaultConfigurationName = Release;
		};
		C869DBDD26A02DC100E01286 /* Build configuration list for PBXNativeTarget "SSLPiningApp" */ = {
			isa = XCConfigurationList;
			buildConfigurations = (
				C869DBDE26A02DC100E01286 /* Debug */,
				C869DBDF26A02DC100E01286 /* Release */,
			);
			defaultConfigurationIsVisible = 0;
			defaultConfigurationName = Release;
		};
		C869DBE026A02DC100E01286 /* Build configuration list for PBXNativeTarget "SSLPiningAppTests" */ = {
			isa = XCConfigurationList;
			buildConfigurations = (
				C869DBE126A02DC100E01286 /* Debug */,
				C869DBE226A02DC100E01286 /* Release */,
			);
			defaultConfigurationIsVisible = 0;
			defaultConfigurationName = Release;
		};
		C869DBE326A02DC100E01286 /* Build configuration list for PBXNativeTarget "SSLPiningAppUITests" */ = {
			isa = XCConfigurationList;
			buildConfigurations = (
				C869DBE426A02DC100E01286 /* Debug */,
				C869DBE526A02DC100E01286 /* Release */,
			);
			defaultConfigurationIsVisible = 0;
			defaultConfigurationName = Release;
		};
/* End XCConfigurationList section */
	};
	rootObject = C869DBAB26A02DBF00E01286 /* Project object */;
}
